PackratFormat: 1.4
PackratVersion: 0.5.0
RVersion: 3.5.1
Repos: CRAN=https://cran.rstudio.com/

Package: BH
Source: CRAN
Version: 1.69.0-1
Hash: 15f597ed227897f4f793b6161260f4b9

Package: Brobdingnag
Source: CRAN
Version: 1.2-6
Hash: 543ab76a3f45b3befa35b301e0fa6b13

Package: DT
Source: CRAN
Version: 0.7
Hash: 13a66adac485cbb401eb931dddd0b31f
Requires: magrittr, htmltools, htmlwidgets, promises, crosstalk

Package: MASS
Source: CRAN
Version: 7.3-51.4
Hash: 35b5e96d2946a20836d838f537bc7ab9

Package: Matrix
Source: CRAN
Version: 1.2-17
Hash: 3ee56b7c430e66a6222cf6d700788888
Requires: lattice

Package: R6
Source: CRAN
Version: 2.4.0
Hash: 948a547c484e5bea15eee76cc53cce3f

Package: RColorBrewer
Source: CRAN
Version: 1.1-2
Hash: c0d56cd15034f395874c870141870c25

Package: RCurl
Source: CRAN
Version: 1.95-4.12
Hash: 261163f9c66d2a2c7ef8028765ed2838
Requires: bitops

Package: Rcpp
Source: CRAN
Version: 1.0.1
Hash: 390ed5b5da840cec3e6f5c90c6ab23f7

Package: RcppEigen
Source: CRAN
Version: 0.3.3.5.0
Hash: 0abe558c252854b26620fe1b5e884ece
Requires: Rcpp, Matrix

Package: StanHeaders
Source: CRAN
Version: 2.18.1-10
Hash: a97a44e0e45a6bfe0b508ee0306d7d85

Package: abind
Source: CRAN
Version: 1.4-5
Hash: 1ceb86ef5ebe776ed4753ab6165eb6d7

Package: askpass
Source: CRAN
Version: 1.1
Hash: 6f6c430e3cd0dd7d48f447700f4d7e7f
Requires: sys

Package: assertthat
Source: CRAN
Version: 0.2.1
Hash: 622be49032fe50bd42e96aaef613e209

Package: backports
Source: CRAN
Version: 1.1.4
Hash: e88df919a68845e664e019570e2251b6

Package: base64enc
Source: CRAN
Version: 0.1-3
Hash: c590d29e555926af053055e23ee79efb

Package: bayesplot
Source: CRAN
Version: 1.7.0
Hash: 365a7353114b366551f3b54d2f5862c9
Requires: glue, rlang, tidyselect, reshape2, tibble, dplyr, ggplot2,
    ggridges

Package: bit
Source: CRAN
Version: 1.1-14
Hash: 704eb98fa9be263c95d00df4b2a448dd

Package: bit64
Source: CRAN
Version: 0.9-7
Hash: 4b195615d19ba49c114eb04e09e30a96
Requires: bit

Package: bitops
Source: CRAN
Version: 1.0-6
Hash: 67d0775189fd0041d95abca618c5c07e

Package: boot
Source: CRAN
Version: 1.3-22
Hash: fc5e1be6e221ede7874812916c5dffcb

Package: bridgesampling
Source: CRAN
Version: 0.6-0
Hash: 6b169b4d8c73a9a79711d653041b27bc
Requires: Brobdingnag, coda, mvtnorm, stringr, scales, Matrix

Package: brms
Source: CRAN
Version: 2.9.0
Hash: 77d66c538a07a78412c3ebe16cb0c9cb
Requires: Rcpp, abind, backports, coda, glue, matrixStats, nleqslv,
    rstantools, future, loo, bridgesampling, ggplot2, rstan, bayesplot,
    shinystan, Matrix, mgcv, nlme

Package: callr
Source: CRAN
Version: 3.3.0
Hash: 8e4eded3da3c3db755a6bf11f3d90b60
Requires: R6, processx

Package: checkmate
Source: CRAN
Version: 1.9.4
Hash: 689511d61e6e29c8e5ce943edc8e6dfa
Requires: backports

Package: cli
Source: CRAN
Version: 1.1.0
Hash: bc4e54014c2049f2605ad0c3ba0cce6b
Requires: assertthat, crayon

Package: coda
Source: CRAN
Version: 0.19-3
Hash: a6bd401a844d5fc9e5d9589dc0197acb
Requires: lattice

Package: codetools
Source: CRAN
Version: 0.2-16
Hash: eb51f6f32efbc11c76c48b9c4307f1b5

Package: colorspace
Source: CRAN
Version: 1.4-1
Hash: 60a56e9998b8b58ee378db3dc91b27a5

Package: colourpicker
Source: CRAN
Version: 1.0
Hash: eeabe1a468bdf15e9001a6cecbd56013
Requires: jsonlite, htmltools, htmlwidgets, shiny, ggplot2, miniUI,
    shinyjs

Package: crayon
Source: CRAN
Version: 1.3.4
Hash: ff2840dd9b0d563fc80377a5a45510cd

Package: crosstalk
Source: CRAN
Version: 1.0.0
Hash: c13adea5906fbe2becfcb5f843b26749
Requires: R6, jsonlite, lazyeval, htmltools, shiny, ggplot2

Package: desc
Source: CRAN
Version: 1.2.0
Hash: a0a3ca939997679a52816bae4ed6aaae
Requires: R6, assertthat, crayon, rprojroot

Package: digest
Source: CRAN
Version: 0.6.18
Hash: 65f62365ec69ddd17230d2ffe891a6ab

Package: dplyr
Source: CRAN
Version: 0.8.3
Hash: 4bab66291ba8f2600cfacde55cef23b9
Requires: BH, R6, Rcpp, assertthat, glue, magrittr, pkgconfig, plogr,
    rlang, tidyselect, tibble

Package: dygraphs
Source: CRAN
Version: 1.1.1.6
Hash: d79b4000362792fec89263172aabb541
Requires: magrittr, zoo, htmltools, xts, htmlwidgets

Package: evaluate
Source: CRAN
Version: 0.13
Hash: 1853557a0ea0db2daebf597c7ce58d70

Package: fansi
Source: CRAN
Version: 0.4.0
Hash: f147621f72b561485bfffcae78c4f5d5

Package: future
Source: CRAN
Version: 1.14.0
Hash: be5e13b4f7a76297c720059f04845aeb
Requires: digest, globals, listenv

Package: ggplot2
Source: CRAN
Version: 3.2.0
Hash: 3f9c63b2e40ea80716bbf249d9eeb9f4
Requires: digest, gtable, lazyeval, rlang, viridisLite, withr, scales,
    reshape2, tibble, MASS, mgcv

Package: ggridges
Source: CRAN
Version: 0.5.1
Hash: cbac0ded47c2e868ab613a648a291d95
Requires: withr, plyr, scales, ggplot2

Package: globals
Source: CRAN
Version: 0.12.4
Hash: 813a6280042ee82fa529833489333322
Requires: codetools

Package: glue
Source: CRAN
Version: 1.3.1
Hash: 660bbbe3803c7cf7c9489a7d99a9c0ed

Package: gridExtra
Source: CRAN
Version: 2.3
Hash: fa977bc1aab5588a08123b10ceb1ad3d
Requires: gtable

Package: gtable
Source: CRAN
Version: 0.3.0
Hash: a9e7b0666eb933a0cb36779240b4462e

Package: gtools
Source: CRAN
Version: 3.8.1
Hash: 6cb09dd6faf3aeac5c5acae55bfa6495

Package: hdf5r
Source: CRAN
Version: 1.2.0
Hash: 06cdbbccc33fb1f3bfd28940ae61c348
Requires: R6, bit64

Package: highr
Source: CRAN
Version: 0.8
Hash: 16aa2cc98d7b68c9d148c263c8dcdbcd

Package: htmltools
Source: CRAN
Version: 0.3.6
Hash: ef5869fcbca46a9551ce5b78954a6c2e
Requires: Rcpp, digest

Package: htmlwidgets
Source: CRAN
Version: 1.3
Hash: 17a2248b5e40383a1cb1a4e4cb5f9c7a
Requires: jsonlite, yaml, htmltools

Package: httpuv
Source: CRAN
Version: 1.5.1
Hash: 5df00050ea4610c9092f0feddca187fa
Requires: BH, R6, Rcpp, later, promises

Package: igraph
Source: CRAN
Version: 1.2.4.1
Hash: 0d76047f1a1aa89e989018646a78d462
Requires: magrittr, pkgconfig, Matrix

Package: inline
Source: CRAN
Version: 0.3.15
Hash: 8033115a3e00ec516e3fc97240b1649f

Package: jsonlite
Source: CRAN
Version: 1.6
Hash: 5f969e213e966135393e3e304abf3f49

Package: knitr
Source: CRAN
Version: 1.22
Hash: d7581079d36fa69f84ff721384355734
Requires: evaluate, highr, xfun, yaml, markdown, stringr

Package: labeling
Source: CRAN
Version: 0.3
Hash: ecf589b42cd284b03a4beb9665482d3e

Package: later
Source: CRAN
Version: 0.8.0
Hash: 165df1e83eab768693fc85f375e7f3ec
Requires: BH, Rcpp, rlang

Package: lattice
Source: CRAN
Version: 0.20-38
Hash: 45211081d39bb6d5a89fd789105901aa

Package: lazyeval
Source: CRAN
Version: 0.2.2
Hash: 563563691bea3cde6945a98996d7c166

Package: listenv
Source: CRAN
Version: 0.7.0
Hash: f5e0d09f4e42d749ae0f893cff1817b6

Package: lme4
Source: CRAN
Version: 1.1-21
Hash: e8951a6393bc19cd027ce47152bf41cf
Requires: Rcpp, nloptr, RcppEigen, minqa, MASS, Matrix, boot, lattice,
    nlme

Package: loo
Source: CRAN
Version: 2.1.0
Hash: ad683221cdca221116f1811c58b1e124
Requires: matrixStats, checkmate

Package: loomR
Source: github
Version: 0.2.1.9000
Hash: 8435553e8a8805fae032442c644f16b5
Requires: R6, pbapply, stringr, hdf5r, Matrix
GithubRepo: loomR
GithubUsername: mojaveazure
GithubRef: develop
GithubSha1: 1eca16a60f529944050e2a3419040cb811726699
RemoteHost: api.github.com
RemoteRepo: loomR
RemoteUsername: mojaveazure
RemoteRef: develop
RemoteSha: 1eca16a60f529944050e2a3419040cb811726699

Package: magrittr
Source: CRAN
Version: 1.5
Hash: bdc4d48c3135e8f3b399536ddf160df4

Package: markdown
Source: CRAN
Version: 0.9
Hash: 730f688930cef3223d59bd8aef679ab9
Requires: mime

Package: matrixStats
Source: CRAN
Version: 0.54.0
Hash: c96ee9d709385c9a1f8075c3a756b679

Package: mgcv
Source: CRAN
Version: 1.8-28
Hash: 065e3500f08942b22db2ff1fab0008cd
Requires: Matrix, nlme

Package: mime
Source: CRAN
Version: 0.6
Hash: 2ed8f98b8284ad733f3907fc6e2f1334

Package: miniUI
Source: CRAN
Version: 0.1.1.1
Hash: c7e3ea486421c2fa5b03bb7fcd0415f6
Requires: htmltools, shiny

Package: minqa
Source: CRAN
Version: 1.2.4
Hash: c9365827edc36888b515b7a7d04bc2ee
Requires: Rcpp

Package: munsell
Source: CRAN
Version: 0.5.0
Hash: 38d0efee9bb99bef143bde41c4ce715c
Requires: colorspace

Package: mvtnorm
Source: CRAN
Version: 1.0-11
Hash: 9b5d395774a35e6e81213a11639a0500

Package: nleqslv
Source: CRAN
Version: 3.3.2
Hash: 6881a383b5f205e5af2e75eb3617358e

Package: nlme
Source: CRAN
Version: 3.1-140
Hash: 6871cfd9d01f15f5a06f22af2dd0a400
Requires: lattice

Package: nloptr
Source: CRAN
Version: 1.2.1
Hash: c2b0475b9a177d3331957e366a7059a0

Package: openssl
Source: CRAN
Version: 1.4
Hash: c43b4ae77086cc4dc4c639fa1d7343dd
Requires: askpass

Package: packrat
Source: CRAN
Version: 0.5.0
Hash: 498643e765d1442ba7b1160a1df3abf9

Package: pbapply
Source: CRAN
Version: 1.4-1
Hash: 51f88e8f38920a163dffd7299790d424

Package: pillar
Source: CRAN
Version: 1.4.2
Hash: 28ff1862b4e0c8761efca442e80a63d8
Requires: crayon, fansi, rlang, utf8, cli, vctrs

Package: pkgbuild
Source: CRAN
Version: 1.0.3
Hash: 9e6684b6946aa7199348754fb6da94ce
Requires: R6, crayon, withr, rprojroot, cli, prettyunits, desc, callr

Package: pkgconfig
Source: CRAN
Version: 2.0.2
Hash: b0fd6ed908e150b77e5f00c6478bd58c

Package: plogr
Source: CRAN
Version: 0.2.0
Hash: 81a8008a5e7858552503935f1abe48aa

Package: plyr
Source: CRAN
Version: 1.8.4
Hash: 0ff259c7e21ac20a124869520e209d9f
Requires: Rcpp

Package: praise
Source: CRAN
Version: 1.0.0
Hash: 77da8f1df873a4b91e5c4a68fe2fb1b6

Package: prettyunits
Source: CRAN
Version: 1.0.2
Hash: 49286102a855640daaa38eafe8b1ec30
Requires: assertthat, magrittr

Package: processx
Source: CRAN
Version: 3.4.0
Hash: 89f86554069bbc36408baea610f13507
Requires: R6, ps

Package: promises
Source: CRAN
Version: 1.0.1
Hash: 3a177f5946e3b85c4f65f3ca3e500cd0
Requires: R6, Rcpp, magrittr, rlang, later

Package: ps
Source: CRAN
Version: 1.3.0
Hash: 1d4cae95887ffe5b1a22bea5994476cd

Package: purrr
Source: CRAN
Version: 0.3.2
Hash: d7bb7f62bb3af2d6510f50cb7190a060
Requires: magrittr, rlang

Package: reshape2
Source: CRAN
Version: 1.4.3
Hash: 1331df4206d0207838eff5d4324f5919
Requires: Rcpp, plyr, stringr

Package: rlang
Source: CRAN
Version: 0.4.0
Hash: eabda67321fe1d477ea641ddd5d84f00

Package: rmarkdown
Source: CRAN
Version: 1.14
Hash: 3ef48feba7356d078d9d2eb36e2c4bdd
Requires: base64enc, evaluate, jsonlite, mime, xfun, yaml, htmltools,
    stringr, tinytex, knitr

Package: rprojroot
Source: CRAN
Version: 1.3-2
Hash: a25c3f70c166fb3fbabc410eb32b6366
Requires: backports

Package: rsconnect
Source: CRAN
Version: 0.8.13
Hash: d93bb8ab6ee93f064771e3d96dd983b9
Requires: jsonlite, packrat, rstudioapi, yaml, RCurl, openssl

Package: rstan
Source: CRAN
Version: 2.19.2
Hash: 1fdeb694947e7d711a6e1b057bc64e90
Requires: BH, Rcpp, StanHeaders, inline, RcppEigen, gridExtra, loo,
    pkgbuild, ggplot2

Package: rstanarm
Source: CRAN
Version: 2.18.2
Hash: cffb0bcae67401e27f18d1cba2322e76
Requires: BH, Rcpp, StanHeaders, rstantools, RcppEigen, lme4, loo,
    ggplot2, rstan, bayesplot, shinystan, Matrix, nlme, survival

Package: rstantools
Source: CRAN
Version: 1.5.1
Hash: 0ee67ec64cb9db0f6dfa5c0ad08f48af
Requires: Rcpp, desc

Package: rstudioapi
Source: CRAN
Version: 0.10
Hash: 63f43c6ff14d92e1d65ca6c21d45a1eb

Package: scales
Source: CRAN
Version: 1.0.0
Hash: f1b117e6daa2bdfa11cc671133d8bdd4
Requires: R6, RColorBrewer, Rcpp, labeling, viridisLite, munsell

Package: shiny
Source: CRAN
Version: 1.3.2
Hash: a48cf01573400333efa51dc999ab6447
Requires: R6, crayon, digest, jsonlite, mime, rlang, sourcetools,
    xtable, htmltools, later, promises, httpuv

Package: shinyjs
Source: CRAN
Version: 1.0
Hash: ea95f751025e50227a96100be35e970b
Requires: digest, jsonlite, htmltools, shiny

Package: shinystan
Source: CRAN
Version: 2.5.0
Hash: 7e57cf5295bf30990d9831658ce9c848
Requires: gtools, xtable, gridExtra, markdown, xts, reshape2, dygraphs,
    rsconnect, shiny, ggplot2, shinyjs, shinythemes, rstan,
    colourpicker, DT, threejs, bayesplot

Package: shinythemes
Source: CRAN
Version: 1.1.2
Hash: b5eb2598708219fdfd4dcd65dae6d318
Requires: shiny

Package: sourcetools
Source: CRAN
Version: 0.1.7
Hash: d093478ac90064e670cd4bf1a99b47b6

Package: stringi
Source: CRAN
Version: 1.4.3
Hash: ed2a82fc7cc668c1345223d938cdfaf2

Package: stringr
Source: CRAN
Version: 1.4.0
Hash: 67da32dbb2a7a16f2ef124336358e54a
Requires: glue, magrittr, stringi

Package: survival
Source: CRAN
Version: 2.44-1.1
Hash: 78075684f88cf9de35770027d3ed38d6
Requires: Matrix

Package: sys
Source: CRAN
Version: 3.2
Hash: aaa3f56d4255306a32ea30df8ef63901

Package: testthat
Source: CRAN
Version: 2.1.1
Hash: 00a20d71ed0d31e2d284e4d2d3b3d7e3
Requires: R6, crayon, digest, magrittr, praise, rlang, withr, cli

Package: threejs
Source: CRAN
Version: 0.3.1
Hash: 8d46804909b9b07bc554a195930ed9f6
Requires: base64enc, igraph, htmlwidgets, crosstalk

Package: tibble
Source: CRAN
Version: 2.1.3
Hash: f59680d81ddc45fa3fcb8c07686d1d89
Requires: crayon, fansi, pkgconfig, rlang, cli, pillar

Package: tidyselect
Source: CRAN
Version: 0.2.5
Hash: ce32c88efe672d565819caa17238b04c
Requires: Rcpp, glue, rlang, purrr

Package: tinytex
Source: CRAN
Version: 0.12
Hash: 138dfd8584f3941b21f74044e2aeb8e7
Requires: xfun

Package: utf8
Source: CRAN
Version: 1.1.4
Hash: f3f97ce59092abc8ed3fd098a59e236c

Package: vctrs
Source: CRAN
Version: 0.2.0
Hash: daf77cb3dbcacd7fb619cb3748dc215f
Requires: backports, digest, glue, rlang, zeallot

Package: viridisLite
Source: CRAN
Version: 0.3.0
Hash: 78bb072c4f9e729a283d4c40ec93f9c6

Package: withr
Source: CRAN
Version: 2.1.2
Hash: d534108bcd5f34ec73e9eb523751ba20

Package: xfun
Source: CRAN
Version: 0.6
Hash: 73da552325e6d8a92cf3f85a1463f6ff

Package: xtable
Source: CRAN
Version: 1.8-4
Hash: dc0d47261b678d26032363bebd050540

Package: xts
Source: CRAN
Version: 0.11-2
Hash: 3f65fbbaab9da4664ecc1c003f5e8929
Requires: zoo

Package: yaml
Source: CRAN
Version: 2.2.0
Hash: a5ad5616d83d89f8d84cbf3cf4034e13

Package: zeallot
Source: CRAN
Version: 0.1.0
Hash: 10b2ed48e202b4db421ae864041dc4b2

Package: zoo
Source: CRAN
Version: 1.8-6
Hash: 4a02754c8bc0522b2d528ddf2452c835
Requires: lattice
